// !$*UTF8*$!
{
	archiveVersion = 1;
	classes = {
	};
	objectVersion = 50;
	objects = {

/* Begin PBXBuildFile section */
		D815F18B20F2FD43005CA76B /* ApplicationService.swift in Sources */ = {isa = PBXBuildFile; fileRef = D815F18A20F2FD43005CA76B /* ApplicationService.swift */; };
		D815F18E20F3024B005CA76B /* JustAService.swift in Sources */ = {isa = PBXBuildFile; fileRef = D815F18D20F3024B005CA76B /* JustAService.swift */; };
		D815F19020F302CB005CA76B /* PluggableApplication.swift in Sources */ = {isa = PBXBuildFile; fileRef = D815F18F20F302CB005CA76B /* PluggableApplication.swift */; };
		D82682C420EFA1C1006E742D /* AppDelegate.swift in Sources */ = {isa = PBXBuildFile; fileRef = D82682C320EFA1C1006E742D /* AppDelegate.swift */; };
		D82682C620EFA1C1006E742D /* ViewController.swift in Sources */ = {isa = PBXBuildFile; fileRef = D82682C520EFA1C1006E742D /* ViewController.swift */; };
		D82682C920EFA1C1006E742D /* Main.storyboard in Resources */ = {isa = PBXBuildFile; fileRef = D82682C720EFA1C1006E742D /* Main.storyboard */; };
		D82682CB20EFA1C3006E742D /* Assets.xcassets in Resources */ = {isa = PBXBuildFile; fileRef = D82682CA20EFA1C3006E742D /* Assets.xcassets */; };
		D82682CE20EFA1C3006E742D /* LaunchScreen.storyboard in Resources */ = {isa = PBXBuildFile; fileRef = D82682CC20EFA1C3006E742D /* LaunchScreen.storyboard */; };
/* End PBXBuildFile section */

/* Begin PBXFileReference section */
		D815F18A20F2FD43005CA76B /* ApplicationService.swift */ = {isa = PBXFileReference; lastKnownFileType = sourcecode.swift; path = ApplicationService.swift; sourceTree = "<group>"; };
		D815F18D20F3024B005CA76B /* JustAService.swift */ = {isa = PBXFileReference; lastKnownFileType = sourcecode.swift; path = JustAService.swift; sourceTree = "<group>"; };
		D815F18F20F302CB005CA76B /* PluggableApplication.swift */ = {isa = PBXFileReference; lastKnownFileType = sourcecode.swift; path = PluggableApplication.swift; sourceTree = "<group>"; };
		D82682C020EFA1C1006E742D /* AppOfApps.app */ = {isa = PBXFileReference; explicitFileType = wrapper.application; includeInIndex = 0; path = AppOfApps.app; sourceTree = BUILT_PRODUCTS_DIR; };
		D82682C320EFA1C1006E742D /* AppDelegate.swift */ = {isa = PBXFileReference; lastKnownFileType = sourcecode.swift; path = AppDelegate.swift; sourceTree = "<group>"; };
		D82682C520EFA1C1006E742D /* ViewController.swift */ = {isa = PBXFileReference; lastKnownFileType = sourcecode.swift; path = ViewController.swift; sourceTree = "<group>"; };
		D82682C820EFA1C1006E742D /* Base */ = {isa = PBXFileReference; lastKnownFileType = file.storyboard; name = Base; path = Base.lproj/Main.storyboard; sourceTree = "<group>"; };
		D82682CA20EFA1C3006E742D /* Assets.xcassets */ = {isa = PBXFileReference; lastKnownFileType = folder.assetcatalog; path = Assets.xcassets; sourceTree = "<group>"; };
		D82682CD20EFA1C3006E742D /* Base */ = {isa = PBXFileReference; lastKnownFileType = file.storyboard; name = Base; path = Base.lproj/LaunchScreen.storyboard; sourceTree = "<group>"; };
		D82682CF20EFA1C3006E742D /* Info.plist */ = {isa = PBXFileReference; lastKnownFileType = text.plist.xml; path = Info.plist; sourceTree = "<group>"; };
/* End PBXFileReference section */

/* Begin PBXFrameworksBuildPhase section */
		D82682BD20EFA1C1006E742D /* Frameworks */ = {
			isa = PBXFrameworksBuildPhase;
			buildActionMask = 2147483647;
			files = (
			);
			runOnlyForDeploymentPostprocessing = 0;
		};
/* End PBXFrameworksBuildPhase section */

/* Begin PBXGroup section */
		D815F18920F2FD33005CA76B /* Shared */ = {
			isa = PBXGroup;
			children = (
				D815F18A20F2FD43005CA76B /* ApplicationService.swift */,
				D815F18F20F302CB005CA76B /* PluggableApplication.swift */,
			);
			path = Shared;
			sourceTree = "<group>";
		};
		D815F18C20F30237005CA76B /* Services */ = {
			isa = PBXGroup;
			children = (
				D815F18D20F3024B005CA76B /* JustAService.swift */,
			);
			path = Services;
			sourceTree = "<group>";
		};
		D82682B720EFA1C1006E742D = {
			isa = PBXGroup;
			children = (
				D82682C220EFA1C1006E742D /* AppOfApps */,
				D82682C120EFA1C1006E742D /* Products */,
			);
			sourceTree = "<group>";
		};
		D82682C120EFA1C1006E742D /* Products */ = {
			isa = PBXGroup;
			children = (
				D82682C020EFA1C1006E742D /* AppOfApps.app */,
			);
			name = Products;
			sourceTree = "<group>";
		};
		D82682C220EFA1C1006E742D /* AppOfApps */ = {
			isa = PBXGroup;
			children = (
				D815F18C20F30237005CA76B /* Services */,
				D815F18920F2FD33005CA76B /* Shared */,
				D82682C320EFA1C1006E742D /* AppDelegate.swift */,
				D82682C520EFA1C1006E742D /* ViewController.swift */,
				D82682C720EFA1C1006E742D /* Main.storyboard */,
				D82682CA20EFA1C3006E742D /* Assets.xcassets */,
				D82682CC20EFA1C3006E742D /* LaunchScreen.storyboard */,
				D82682CF20EFA1C3006E742D /* Info.plist */,
			);
			path = AppOfApps;
			sourceTree = "<group>";
		};
/* End PBXGroup section */

/* Begin PBXNativeTarget section */
		D82682BF20EFA1C1006E742D /* AppOfApps */ = {
			isa = PBXNativeTarget;
			buildConfigurationList = D82682D220EFA1C3006E742D /* Build configuration list for PBXNativeTarget "AppOfApps" */;
			buildPhases = (
				D82682BC20EFA1C1006E742D /* Sources */,
				D82682BD20EFA1C1006E742D /* Frameworks */,
				D82682BE20EFA1C1006E742D /* Resources */,
			);
			buildRules = (
			);
			dependencies = (
			);
			name = AppOfApps;
			productName = AppOfApps;
			productReference = D82682C020EFA1C1006E742D /* AppOfApps.app */;
			productType = "com.apple.product-type.application";
		};
/* End PBXNativeTarget section */

/* Begin PBXProject section */
		D82682B820EFA1C1006E742D /* Project object */ = {
			isa = PBXProject;
			attributes = {
				LastSwiftUpdateCheck = 0940;
				LastUpgradeCheck = 0940;
				ORGANIZATIONNAME = "Nguyen Pte, Ltd";
				TargetAttributes = {
					D82682BF20EFA1C1006E742D = {
						CreatedOnToolsVersion = 9.4.1;
					};
				};
			};
			buildConfigurationList = D82682BB20EFA1C1006E742D /* Build configuration list for PBXProject "AppOfApps" */;
			compatibilityVersion = "Xcode 9.3";
			developmentRegion = en;
			hasScannedForEncodings = 0;
			knownRegions = (
				en,
				Base,
			);
			mainGroup = D82682B720EFA1C1006E742D;
			productRefGroup = D82682C120EFA1C1006E742D /* Products */;
			projectDirPath = "";
			projectRoot = "";
			targets = (
				D82682BF20EFA1C1006E742D /* AppOfApps */,
			);
		};
/* End PBXProject section */

/* Begin PBXResourcesBuildPhase section */
		D82682BE20EFA1C1006E742D /* Resources */ = {
			isa = PBXResourcesBuildPhase;
			buildActionMask = 2147483647;
			files = (
				D82682CE20EFA1C3006E742D /* LaunchScreen.storyboard in Resources */,
				D82682CB20EFA1C3006E742D /* Assets.xcassets in Resources */,
				D82682C920EFA1C1006E742D /* Main.storyboard in Resources */,
			);
			runOnlyForDeploymentPostprocessing = 0;
		};
/* End PBXResourcesBuildPhase section */

/* Begin PBXSourcesBuildPhase section */
		D82682BC20EFA1C1006E742D /* Sources */ = {
			isa = PBXSourcesBuildPhase;
			buildActionMask = 2147483647;
			files = (
				D82682C620EFA1C1006E742D /* ViewController.swift in Sources */,
				D815F19020F302CB005CA76B /* PluggableApplication.swift in Sources */,
				D815F18E20F3024B005CA76B /* JustAService.swift in Sources */,
				D815F18B20F2FD43005CA76B /* ApplicationService.swift in Sources */,
				D82682C420EFA1C1006E742D /* AppDelegate.swift in Sources */,
			);
			runOnlyForDeploymentPostprocessing = 0;
		};
/* End PBXSourcesBuildPhase section */

/* Begin PBXVariantGroup section */
		D82682C720EFA1C1006E742D /* Main.storyboard */ = {
			isa = PBXVariantGroup;
			children = (
				D82682C820EFA1C1006E742D /* Base */,
			);
			name = Main.storyboard;
			sourceTree = "<group>";
		};
		D82682CC20EFA1C3006E742D /* LaunchScreen.storyboard */ = {
			isa = PBXVariantGroup;
			children = (
				D82682CD20EFA1C3006E742D /* Base */,
			);
			name = LaunchScreen.storyboard;
			sourceTree = "<group>";
		};
/* End PBXVariantGroup section */

/* Begin XCBuildConfiguration section */
		D82682D020EFA1C3006E742D /* Debug */ = {
			isa = XCBuildConfiguration;
			buildSettings = {
				ALWAYS_SEARCH_USER_PATHS = NO;
				CLANG_ANALYZER_NONNULL = YES;
				CLANG_ANALYZER_NUMBER_OBJECT_CONVERSION = YES_AGGRESSIVE;
				CLANG_CXX_LANGUAGE_STANDARD = "gnu++14";
				CLANG_CXX_LIBRARY = "libc++";
				CLANG_ENABLE_MODULES = YES;
				CLANG_ENABLE_OBJC_ARC = YES;
				CLANG_ENABLE_OBJC_WEAK = YES;
				CLANG_WARN_BLOCK_CAPTURE_AUTORELEASING = YES;
				CLANG_WARN_BOOL_CONVERSION = YES;
				CLANG_WARN_COMMA = YES;
				CLANG_WARN_CONSTANT_CONVERSION = YES;
				CLANG_WARN_DEPRECATED_OBJC_IMPLEMENTATIONS = YES;
				CLANG_WARN_DIRECT_OBJC_ISA_USAGE = YES_ERROR;
				CLANG_WARN_DOCUMENTATION_COMMENTS = YES;
				CLANG_WARN_EMPTY_BODY = YES;
				CLANG_WARN_ENUM_CONVERSION = YES;
				CLANG_WARN_INFINITE_RECURSION = YES;
				CLANG_WARN_INT_CONVERSION = YES;
				CLANG_WARN_NON_LITERAL_NULL_CONVERSION = YES;
				CLANG_WARN_OBJC_IMPLICIT_RETAIN_SELF = YES;
				CLANG_WARN_OBJC_LITERAL_CONVERSION = YES;
				CLANG_WARN_OBJC_ROOT_CLASS = YES_ERROR;
				CLANG_WARN_RANGE_LOOP_ANALYSIS = YES;
				CLANG_WARN_STRICT_PROTOTYPES = YES;
				CLANG_WARN_SUSPICIOUS_MOVE = YES;
				CLANG_WARN_UNGUARDED_AVAILABILITY = YES_AGGRESSIVE;
				CLANG_WARN_UNREACHABLE_CODE = YES;
				CLANG_WARN__DUPLICATE_METHOD_MATCH = YES;
				CODE_SIGN_IDENTITY = "iPhone Developer";
				COPY_PHASE_STRIP = NO;
				DEBUG_INFORMATION_FORMAT = dwarf;
				ENABLE_STRICT_OBJC_MSGSEND = YES;
				ENABLE_TESTABILITY = YES;
				GCC_C_LANGUAGE_STANDARD = gnu11;
				GCC_DYNAMIC_NO_PIC = NO;
				GCC_NO_COMMON_BLOCKS = YES;
				GCC_OPTIMIZATION_LEVEL = 0;
				GCC_PREPROCESSOR_DEFINITIONS = (
					"DEBUG=1",
					"$(inherited)",
				);
				GCC_WARN_64_TO_32_BIT_CONVERSION = YES;
				GCC_WARN_ABOUT_RETURN_TYPE = YES_ERROR;
				GCC_WARN_UNDECLARED_SELECTOR = YES;
				GCC_WARN_UNINITIALIZED_AUTOS = YES_AGGRESSIVE;
				GCC_WARN_UNUSED_FUNCTION = YES;
				GCC_WARN_UNUSED_VARIABLE = YES;
				IPHONEOS_DEPLOYMENT_TARGET = 11.4;
				MTL_ENABLE_DEBUG_INFO = YES;
				ONLY_ACTIVE_ARCH = YES;
				SDKROOT = iphoneos;
				SWIFT_ACTIVE_COMPILATION_CONDITIONS = DEBUG;
				SWIFT_OPTIMIZATION_LEVEL = "-Onone";
			};
			name = Debug;
		};
		D82682D120EFA1C3006E742D /* Release */ = {
			isa = XCBuildConfiguration;
			buildSettings = {
				ALWAYS_SEARCH_USER_PATHS = NO;
				CLANG_ANALYZER_NONNULL = YES;
				CLANG_ANALYZER_NUMBER_OBJECT_CONVERSION = YES_AGGRESSIVE;
				CLANG_CXX_LANGUAGE_STANDARD = "gnu++14";
				CLANG_CXX_LIBRARY = "libc++";
				CLANG_ENABLE_MODULES = YES;
				CLANG_ENABLE_OBJC_ARC = YES;
				CLANG_ENABLE_OBJC_WEAK = YES;
				CLANG_WARN_BLOCK_CAPTURE_AUTORELEASING = YES;
				CLANG_WARN_BOOL_CONVERSION = YES;
				CLANG_WARN_COMMA = YES;
				CLANG_WARN_CONSTANT_CONVERSION = YES;
				CLANG_WARN_DEPRECATED_OBJC_IMPLEMENTATIONS = YES;
				CLANG_WARN_DIRECT_OBJC_ISA_USAGE = YES_ERROR;
				CLANG_WARN_DOCUMENTATION_COMMENTS = YES;
				CLANG_WARN_EMPTY_BODY = YES;
				CLANG_WARN_ENUM_CONVERSION = YES;
				CLANG_WARN_INFINITE_RECURSION = YES;
				CLANG_WARN_INT_CONVERSION = YES;
				CLANG_WARN_NON_LITERAL_NULL_CONVERSION = YES;
				CLANG_WARN_OBJC_IMPLICIT_RETAIN_SELF = YES;
				CLANG_WARN_OBJC_LITERAL_CONVERSION = YES;
				CLANG_WARN_OBJC_ROOT_CLASS = YES_ERROR;
				CLANG_WARN_RANGE_LOOP_ANALYSIS = YES;
				CLANG_WARN_STRICT_PROTOTYPES = YES;
				CLANG_WARN_SUSPICIOUS_MOVE = YES;
				CLANG_WARN_UNGUARDED_AVAILABILITY = YES_AGGRESSIVE;
				CLANG_WARN_UNREACHABLE_CODE = YES;
				CLANG_WARN__DUPLICATE_METHOD_MATCH = YES;
				CODE_SIGN_IDENTITY = "iPhone Developer";
				COPY_PHASE_STRIP = NO;
				DEBUG_INFORMATION_FORMAT = "dwarf-with-dsym";
				ENABLE_NS_ASSERTIONS = NO;
				ENABLE_STRICT_OBJC_MSGSEND = YES;
				GCC_C_LANGUAGE_STANDARD = gnu11;
				GCC_NO_COMMON_BLOCKS = YES;
				GCC_WARN_64_TO_32_BIT_CONVERSION = YES;
				GCC_WARN_ABOUT_RETURN_TYPE = YES_ERROR;
				GCC_WARN_UNDECLARED_SELECTOR = YES;
				GCC_WARN_UNINITIALIZED_AUTOS = YES_AGGRESSIVE;
				GCC_WARN_UNUSED_FUNCTION = YES;
				GCC_WARN_UNUSED_VARIABLE = YES;
				IPHONEOS_DEPLOYMENT_TARGET = 11.4;
				MTL_ENABLE_DEBUG_INFO = NO;
				SDKROOT = iphoneos;
				SWIFT_COMPILATION_MODE = wholemodule;
				SWIFT_OPTIMIZATION_LEVEL = "-O";
				VALIDATE_PRODUCT = YES;
			};
			name = Release;
		};
		D82682D320EFA1C3006E742D /* Debug */ = {
			isa = XCBuildConfiguration;
			buildSettings = {
				ASSETCATALOG_COMPILER_APPICON_NAME = AppIcon;
				CODE_SIGN_STYLE = Automatic;
				DEVELOPMENT_TEAM = 7MD88PM2GZ;
				INFOPLIST_FILE = AppOfApps/Info.plist;
				LD_RUNPATH_SEARCH_PATHS = (
					"$(inherited)",
					"@executable_path/Frameworks",
				);
				PRODUCT_BUNDLE_IDENTIFIER = com.namnguyen.AppOfApps;
				PRODUCT_NAME = "$(TARGET_NAME)";
				SWIFT_VERSION = 4.0;
				TARGETED_DEVICE_FAMILY = "1,2";
			};
			name = Debug;
		};
		D82682D420EFA1C3006E742D /* Release */ = {
			isa = XCBuildConfiguration;
			buildSettings = {
				ASSETCATALOG_COMPILER_APPICON_NAME = AppIcon;
				CODE_SIGN_STYLE = Automatic;
				DEVELOPMENT_TEAM = 7MD88PM2GZ;
				INFOPLIST_FILE = AppOfApps/Info.plist;
				LD_RUNPATH_SEARCH_PATHS = (
					"$(inherited)",
					"@executable_path/Frameworks",
				);
				PRODUCT_BUNDLE_IDENTIFIER = com.namnguyen.AppOfApps;
				PRODUCT_NAME = "$(TARGET_NAME)";
				SWIFT_VERSION = 4.0;
				TARGETED_DEVICE_FAMILY = "1,2";
			};
			name = Release;
		};
/* End XCBuildConfiguration section */

/* Begin XCConfigurationList section */
		D82682BB20EFA1C1006E742D /* Build configuration list for PBXProject "AppOfApps" */ = {
			isa = XCConfigurationList;
			buildConfigurations = (
				D82682D020EFA1C3006E742D /* Debug */,
				D82682D120EFA1C3006E742D /* Release */,
			);
			defaultConfigurationIsVisible = 0;
			defaultConfigurationName = Release;
		};
		D82682D220EFA1C3006E742D /* Build configuration list for PBXNativeTarget "AppOfApps" */ = {
			isa = XCConfigurationList;
			buildConfigurations = (
				D82682D320EFA1C3006E742D /* Debug */,
				D82682D420EFA1C3006E742D /* Release */,
			);
			defaultConfigurationIsVisible = 0;
			defaultConfigurationName = Release;
		};
/* End XCConfigurationList section */
	};
	rootObject = D82682B820EFA1C1006E742D /* Project object */;
}
